// !$*UTF8*$!
{
	archiveVersion = 1;
	classes = {
	};
	objectVersion = 46;
	objects = {

/* Begin PBXBuildFile section */
		D127E242198B34FC00A09E62 /* AppDelegate.swift in Sources */ = {isa = PBXBuildFile; fileRef = D127E241198B34FC00A09E62 /* AppDelegate.swift */; };
		D127E244198B34FC00A09E62 /* ViewController.swift in Sources */ = {isa = PBXBuildFile; fileRef = D127E243198B34FC00A09E62 /* ViewController.swift */; };
		D127E247198B34FC00A09E62 /* Main.storyboard in Resources */ = {isa = PBXBuildFile; fileRef = D127E245198B34FC00A09E62 /* Main.storyboard */; };
		D127E249198B34FC00A09E62 /* Images.xcassets in Resources */ = {isa = PBXBuildFile; fileRef = D127E248198B34FC00A09E62 /* Images.xcassets */; };
		D127E255198B34FC00A09E62 /* SimpleTimerTests.swift in Sources */ = {isa = PBXBuildFile; fileRef = D127E254198B34FC00A09E62 /* SimpleTimerTests.swift */; };
		D12A181F198CB2E0007CE843 /* NotificationCenter.framework in Frameworks */ = {isa = PBXBuildFile; fileRef = D12A181E198CB2E0007CE843 /* NotificationCenter.framework */; };
		D12A1824198CB2E0007CE843 /* TodayViewController.swift in Sources */ = {isa = PBXBuildFile; fileRef = D12A1823198CB2E0007CE843 /* TodayViewController.swift */; };
		D12A1826198CB2E0007CE843 /* MainInterface.storyboard in Resources */ = {isa = PBXBuildFile; fileRef = D12A1825198CB2E0007CE843 /* MainInterface.storyboard */; };
		D12A1829198CB2E0007CE843 /* SimpleTimerTodayExtenstion.appex in Embed App Extensions */ = {isa = PBXBuildFile; fileRef = D12A181C198CB2E0007CE843 /* SimpleTimerTodayExtenstion.appex */; };
		D12A183C198CB9EF007CE843 /* SimpleTimerKit.h in Headers */ = {isa = PBXBuildFile; fileRef = D12A183B198CB9EF007CE843 /* SimpleTimerKit.h */; settings = {ATTRIBUTES = (Public, ); }; };
		D12A1842198CB9EF007CE843 /* SimpleTimerKit.framework in Frameworks */ = {isa = PBXBuildFile; fileRef = D12A1837198CB9EF007CE843 /* SimpleTimerKit.framework */; };
		D12A1849198CB9EF007CE843 /* SimpleTimerKitTests.swift in Sources */ = {isa = PBXBuildFile; fileRef = D12A1848198CB9EF007CE843 /* SimpleTimerKitTests.swift */; };
		D12A184C198CB9EF007CE843 /* SimpleTimerKit.framework in Frameworks */ = {isa = PBXBuildFile; fileRef = D12A1837198CB9EF007CE843 /* SimpleTimerKit.framework */; };
		D12A184D198CB9EF007CE843 /* SimpleTimerKit.framework in Embed Frameworks */ = {isa = PBXBuildFile; fileRef = D12A1837198CB9EF007CE843 /* SimpleTimerKit.framework */; settings = {ATTRIBUTES = (CodeSignOnCopy, ); }; };
		D12A185F198CBA3A007CE843 /* Timer.swift in Sources */ = {isa = PBXBuildFile; fileRef = D1B6B784198B5EC700DCF3A3 /* Timer.swift */; };
		D12A1860198CBBB5007CE843 /* SimpleTimerKit.framework in Frameworks */ = {isa = PBXBuildFile; fileRef = D12A1837198CB9EF007CE843 /* SimpleTimerKit.framework */; };
/* End PBXBuildFile section */

/* Begin PBXContainerItemProxy section */
		D127E24F198B34FC00A09E62 /* PBXContainerItemProxy */ = {
			isa = PBXContainerItemProxy;
			containerPortal = D127E234198B34FC00A09E62 /* Project object */;
			proxyType = 1;
			remoteGlobalIDString = D127E23B198B34FC00A09E62;
			remoteInfo = SimpleTimer;
		};
		D12A1827198CB2E0007CE843 /* PBXContainerItemProxy */ = {
			isa = PBXContainerItemProxy;
			containerPortal = D127E234198B34FC00A09E62 /* Project object */;
			proxyType = 1;
			remoteGlobalIDString = D12A181B198CB2E0007CE843;
			remoteInfo = SimpleTimerTodayExtenstion;
		};
		D12A182A198CB2E0007CE843 /* PBXContainerItemProxy */ = {
			isa = PBXContainerItemProxy;
			containerPortal = D127E234198B34FC00A09E62 /* Project object */;
			proxyType = 1;
			remoteGlobalIDString = D12A181B198CB2E0007CE843;
			remoteInfo = SimpleTimerTodayExtenstion;
		};
		D12A1843198CB9EF007CE843 /* PBXContainerItemProxy */ = {
			isa = PBXContainerItemProxy;
			containerPortal = D127E234198B34FC00A09E62 /* Project object */;
			proxyType = 1;
			remoteGlobalIDString = D12A1836198CB9EF007CE843;
			remoteInfo = SimpleTimerKit;
		};
		D12A184A198CB9EF007CE843 /* PBXContainerItemProxy */ = {
			isa = PBXContainerItemProxy;
			containerPortal = D127E234198B34FC00A09E62 /* Project object */;
			proxyType = 1;
			remoteGlobalIDString = D12A1836198CB9EF007CE843;
			remoteInfo = SimpleTimerKit;
		};
		D12A184E198CB9F0007CE843 /* PBXContainerItemProxy */ = {
			isa = PBXContainerItemProxy;
			containerPortal = D127E234198B34FC00A09E62 /* Project object */;
			proxyType = 1;
			remoteGlobalIDString = D12A1836198CB9EF007CE843;
			remoteInfo = SimpleTimerKit;
		};
		D12A1857198CB9F1007CE843 /* PBXContainerItemProxy */ = {
			isa = PBXContainerItemProxy;
			containerPortal = D127E234198B34FC00A09E62 /* Project object */;
			proxyType = 1;
			remoteGlobalIDString = D12A1836198CB9EF007CE843;
			remoteInfo = SimpleTimerKit;
		};
		D12A1859198CB9F1007CE843 /* PBXContainerItemProxy */ = {
			isa = PBXContainerItemProxy;
			containerPortal = D127E234198B34FC00A09E62 /* Project object */;
			proxyType = 1;
			remoteGlobalIDString = D12A1836198CB9EF007CE843;
			remoteInfo = SimpleTimerKit;
		};
		D12A185B198CB9F1007CE843 /* PBXContainerItemProxy */ = {
			isa = PBXContainerItemProxy;
			containerPortal = D127E234198B34FC00A09E62 /* Project object */;
			proxyType = 1;
			remoteGlobalIDString = D12A1836198CB9EF007CE843;
			remoteInfo = SimpleTimerKit;
		};
		D12A185D198CB9F1007CE843 /* PBXContainerItemProxy */ = {
			isa = PBXContainerItemProxy;
			containerPortal = D127E234198B34FC00A09E62 /* Project object */;
			proxyType = 1;
			remoteGlobalIDString = D12A1836198CB9EF007CE843;
			remoteInfo = SimpleTimerKit;
		};
/* End PBXContainerItemProxy section */

/* Begin PBXCopyFilesBuildPhase section */
		D12A182F198CB2E0007CE843 /* Embed App Extensions */ = {
			isa = PBXCopyFilesBuildPhase;
			buildActionMask = 2147483647;
			dstPath = "";
			dstSubfolderSpec = 13;
			files = (
				D12A1829198CB2E0007CE843 /* SimpleTimerTodayExtenstion.appex in Embed App Extensions */,
			);
			name = "Embed App Extensions";
			runOnlyForDeploymentPostprocessing = 0;
		};
		D12A1853198CB9F0007CE843 /* Embed Frameworks */ = {
			isa = PBXCopyFilesBuildPhase;
			buildActionMask = 2147483647;
			dstPath = "";
			dstSubfolderSpec = 10;
			files = (
				D12A184D198CB9EF007CE843 /* SimpleTimerKit.framework in Embed Frameworks */,
			);
			name = "Embed Frameworks";
			runOnlyForDeploymentPostprocessing = 0;
		};
/* End PBXCopyFilesBuildPhase section */

/* Begin PBXFileReference section */
		D127E23C198B34FC00A09E62 /* SimpleTimer.app */ = {isa = PBXFileReference; explicitFileType = wrapper.application; includeInIndex = 0; path = SimpleTimer.app; sourceTree = BUILT_PRODUCTS_DIR; };
		D127E240198B34FC00A09E62 /* Info.plist */ = {isa = PBXFileReference; lastKnownFileType = text.plist.xml; path = Info.plist; sourceTree = "<group>"; };
		D127E241198B34FC00A09E62 /* AppDelegate.swift */ = {isa = PBXFileReference; lastKnownFileType = sourcecode.swift; path = AppDelegate.swift; sourceTree = "<group>"; };
		D127E243198B34FC00A09E62 /* ViewController.swift */ = {isa = PBXFileReference; lastKnownFileType = sourcecode.swift; path = ViewController.swift; sourceTree = "<group>"; };
		D127E246198B34FC00A09E62 /* Base */ = {isa = PBXFileReference; lastKnownFileType = file.storyboard; name = Base; path = Base.lproj/Main.storyboard; sourceTree = "<group>"; };
		D127E248198B34FC00A09E62 /* Images.xcassets */ = {isa = PBXFileReference; lastKnownFileType = folder.assetcatalog; path = Images.xcassets; sourceTree = "<group>"; };
		D127E24E198B34FC00A09E62 /* SimpleTimerTests.xctest */ = {isa = PBXFileReference; explicitFileType = wrapper.cfbundle; includeInIndex = 0; path = SimpleTimerTests.xctest; sourceTree = BUILT_PRODUCTS_DIR; };
		D127E253198B34FC00A09E62 /* Info.plist */ = {isa = PBXFileReference; lastKnownFileType = text.plist.xml; path = Info.plist; sourceTree = "<group>"; };
		D127E254198B34FC00A09E62 /* SimpleTimerTests.swift */ = {isa = PBXFileReference; lastKnownFileType = sourcecode.swift; path = SimpleTimerTests.swift; sourceTree = "<group>"; };
		D12A181C198CB2E0007CE843 /* SimpleTimerTodayExtenstion.appex */ = {isa = PBXFileReference; explicitFileType = "wrapper.app-extension"; includeInIndex = 0; path = SimpleTimerTodayExtenstion.appex; sourceTree = BUILT_PRODUCTS_DIR; };
		D12A181E198CB2E0007CE843 /* NotificationCenter.framework */ = {isa = PBXFileReference; lastKnownFileType = wrapper.framework; name = NotificationCenter.framework; path = System/Library/Frameworks/NotificationCenter.framework; sourceTree = SDKROOT; };
		D12A1822198CB2E0007CE843 /* Info.plist */ = {isa = PBXFileReference; lastKnownFileType = text.plist.xml; path = Info.plist; sourceTree = "<group>"; };
		D12A1823198CB2E0007CE843 /* TodayViewController.swift */ = {isa = PBXFileReference; lastKnownFileType = sourcecode.swift; path = TodayViewController.swift; sourceTree = "<group>"; };
		D12A1825198CB2E0007CE843 /* MainInterface.storyboard */ = {isa = PBXFileReference; lastKnownFileType = file.storyboard; path = MainInterface.storyboard; sourceTree = "<group>"; };
		D12A1830198CB4A4007CE843 /* SimpleTimer.entitlements */ = {isa = PBXFileReference; lastKnownFileType = text.xml; path = SimpleTimer.entitlements; sourceTree = "<group>"; };
		D12A1831198CB4E5007CE843 /* SimpleTimerTodayExtenstion.entitlements */ = {isa = PBXFileReference; lastKnownFileType = text.xml; path = SimpleTimerTodayExtenstion.entitlements; sourceTree = "<group>"; };
		D12A1837198CB9EF007CE843 /* SimpleTimerKit.framework */ = {isa = PBXFileReference; explicitFileType = wrapper.framework; includeInIndex = 0; path = SimpleTimerKit.framework; sourceTree = BUILT_PRODUCTS_DIR; };
		D12A183A198CB9EF007CE843 /* Info.plist */ = {isa = PBXFileReference; lastKnownFileType = text.plist.xml; path = Info.plist; sourceTree = "<group>"; };
		D12A183B198CB9EF007CE843 /* SimpleTimerKit.h */ = {isa = PBXFileReference; lastKnownFileType = sourcecode.c.h; path = SimpleTimerKit.h; sourceTree = "<group>"; };
		D12A1841198CB9EF007CE843 /* SimpleTimerKitTests.xctest */ = {isa = PBXFileReference; explicitFileType = wrapper.cfbundle; includeInIndex = 0; path = SimpleTimerKitTests.xctest; sourceTree = BUILT_PRODUCTS_DIR; };
		D12A1847198CB9EF007CE843 /* Info.plist */ = {isa = PBXFileReference; lastKnownFileType = text.plist.xml; path = Info.plist; sourceTree = "<group>"; };
		D12A1848198CB9EF007CE843 /* SimpleTimerKitTests.swift */ = {isa = PBXFileReference; lastKnownFileType = sourcecode.swift; path = SimpleTimerKitTests.swift; sourceTree = "<group>"; };
		D1B6B784198B5EC700DCF3A3 /* Timer.swift */ = {isa = PBXFileReference; fileEncoding = 4; lastKnownFileType = sourcecode.swift; path = Timer.swift; sourceTree = "<group>"; };
/* End PBXFileReference section */

/* Begin PBXFrameworksBuildPhase section */
		D127E239198B34FC00A09E62 /* Frameworks */ = {
			isa = PBXFrameworksBuildPhase;
			buildActionMask = 2147483647;
			files = (
				D12A184C198CB9EF007CE843 /* SimpleTimerKit.framework in Frameworks */,
			);
			runOnlyForDeploymentPostprocessing = 0;
		};
		D127E24B198B34FC00A09E62 /* Frameworks */ = {
			isa = PBXFrameworksBuildPhase;
			buildActionMask = 2147483647;
			files = (
			);
			runOnlyForDeploymentPostprocessing = 0;
		};
		D12A1819198CB2E0007CE843 /* Frameworks */ = {
			isa = PBXFrameworksBuildPhase;
			buildActionMask = 2147483647;
			files = (
				D12A1860198CBBB5007CE843 /* SimpleTimerKit.framework in Frameworks */,
				D12A181F198CB2E0007CE843 /* NotificationCenter.framework in Frameworks */,
			);
			runOnlyForDeploymentPostprocessing = 0;
		};
		D12A1833198CB9EF007CE843 /* Frameworks */ = {
			isa = PBXFrameworksBuildPhase;
			buildActionMask = 2147483647;
			files = (
			);
			runOnlyForDeploymentPostprocessing = 0;
		};
		D12A183E198CB9EF007CE843 /* Frameworks */ = {
			isa = PBXFrameworksBuildPhase;
			buildActionMask = 2147483647;
			files = (
				D12A1842198CB9EF007CE843 /* SimpleTimerKit.framework in Frameworks */,
			);
			runOnlyForDeploymentPostprocessing = 0;
		};
/* End PBXFrameworksBuildPhase section */

/* Begin PBXGroup section */
		D127E233198B34FC00A09E62 = {
			isa = PBXGroup;
			children = (
				D127E23E198B34FC00A09E62 /* SimpleTimer */,
				D127E251198B34FC00A09E62 /* SimpleTimerTests */,
				D12A1820198CB2E0007CE843 /* SimpleTimerTodayExtenstion */,
				D12A1838198CB9EF007CE843 /* SimpleTimerKit */,
				D12A1845198CB9EF007CE843 /* SimpleTimerKitTests */,
				D12A181D198CB2E0007CE843 /* Frameworks */,
				D127E23D198B34FC00A09E62 /* Products */,
			);
			sourceTree = "<group>";
		};
		D127E23D198B34FC00A09E62 /* Products */ = {
			isa = PBXGroup;
			children = (
				D127E23C198B34FC00A09E62 /* SimpleTimer.app */,
				D127E24E198B34FC00A09E62 /* SimpleTimerTests.xctest */,
				D12A181C198CB2E0007CE843 /* SimpleTimerTodayExtenstion.appex */,
				D12A1837198CB9EF007CE843 /* SimpleTimerKit.framework */,
				D12A1841198CB9EF007CE843 /* SimpleTimerKitTests.xctest */,
			);
			name = Products;
			sourceTree = "<group>";
		};
		D127E23E198B34FC00A09E62 /* SimpleTimer */ = {
			isa = PBXGroup;
			children = (
				D12A1830198CB4A4007CE843 /* SimpleTimer.entitlements */,
				D127E241198B34FC00A09E62 /* AppDelegate.swift */,
				D127E243198B34FC00A09E62 /* ViewController.swift */,
				D127E245198B34FC00A09E62 /* Main.storyboard */,
				D127E248198B34FC00A09E62 /* Images.xcassets */,
				D127E23F198B34FC00A09E62 /* Supporting Files */,
				D1B6B784198B5EC700DCF3A3 /* Timer.swift */,
			);
			path = SimpleTimer;
			sourceTree = "<group>";
		};
		D127E23F198B34FC00A09E62 /* Supporting Files */ = {
			isa = PBXGroup;
			children = (
				D127E240198B34FC00A09E62 /* Info.plist */,
			);
			name = "Supporting Files";
			sourceTree = "<group>";
		};
		D127E251198B34FC00A09E62 /* SimpleTimerTests */ = {
			isa = PBXGroup;
			children = (
				D127E254198B34FC00A09E62 /* SimpleTimerTests.swift */,
				D127E252198B34FC00A09E62 /* Supporting Files */,
			);
			path = SimpleTimerTests;
			sourceTree = "<group>";
		};
		D127E252198B34FC00A09E62 /* Supporting Files */ = {
			isa = PBXGroup;
			children = (
				D127E253198B34FC00A09E62 /* Info.plist */,
			);
			name = "Supporting Files";
			sourceTree = "<group>";
		};
		D12A181D198CB2E0007CE843 /* Frameworks */ = {
			isa = PBXGroup;
			children = (
				D12A181E198CB2E0007CE843 /* NotificationCenter.framework */,
			);
			name = Frameworks;
			sourceTree = "<group>";
		};
		D12A1820198CB2E0007CE843 /* SimpleTimerTodayExtenstion */ = {
			isa = PBXGroup;
			children = (
				D12A1831198CB4E5007CE843 /* SimpleTimerTodayExtenstion.entitlements */,
				D12A1823198CB2E0007CE843 /* TodayViewController.swift */,
				D12A1825198CB2E0007CE843 /* MainInterface.storyboard */,
				D12A1821198CB2E0007CE843 /* Supporting Files */,
			);
			path = SimpleTimerTodayExtenstion;
			sourceTree = "<group>";
		};
		D12A1821198CB2E0007CE843 /* Supporting Files */ = {
			isa = PBXGroup;
			children = (
				D12A1822198CB2E0007CE843 /* Info.plist */,
			);
			name = "Supporting Files";
			sourceTree = "<group>";
		};
		D12A1838198CB9EF007CE843 /* SimpleTimerKit */ = {
			isa = PBXGroup;
			children = (
				D12A183B198CB9EF007CE843 /* SimpleTimerKit.h */,
				D12A1839198CB9EF007CE843 /* Supporting Files */,
			);
			path = SimpleTimerKit;
			sourceTree = "<group>";
		};
		D12A1839198CB9EF007CE843 /* Supporting Files */ = {
			isa = PBXGroup;
			children = (
				D12A183A198CB9EF007CE843 /* Info.plist */,
			);
			name = "Supporting Files";
			sourceTree = "<group>";
		};
		D12A1845198CB9EF007CE843 /* SimpleTimerKitTests */ = {
			isa = PBXGroup;
			children = (
				D12A1848198CB9EF007CE843 /* SimpleTimerKitTests.swift */,
				D12A1846198CB9EF007CE843 /* Supporting Files */,
			);
			path = SimpleTimerKitTests;
			sourceTree = "<group>";
		};
		D12A1846198CB9EF007CE843 /* Supporting Files */ = {
			isa = PBXGroup;
			children = (
				D12A1847198CB9EF007CE843 /* Info.plist */,
			);
			name = "Supporting Files";
			sourceTree = "<group>";
		};
/* End PBXGroup section */

/* Begin PBXHeadersBuildPhase section */
		D12A1834198CB9EF007CE843 /* Headers */ = {
			isa = PBXHeadersBuildPhase;
			buildActionMask = 2147483647;
			files = (
				D12A183C198CB9EF007CE843 /* SimpleTimerKit.h in Headers */,
			);
			runOnlyForDeploymentPostprocessing = 0;
		};
/* End PBXHeadersBuildPhase section */

/* Begin PBXNativeTarget section */
		D127E23B198B34FC00A09E62 /* SimpleTimer */ = {
			isa = PBXNativeTarget;
			buildConfigurationList = D127E258198B34FC00A09E62 /* Build configuration list for PBXNativeTarget "SimpleTimer" */;
			buildPhases = (
				D127E238198B34FC00A09E62 /* Sources */,
				D127E239198B34FC00A09E62 /* Frameworks */,
				D127E23A198B34FC00A09E62 /* Resources */,
				D12A182F198CB2E0007CE843 /* Embed App Extensions */,
				D12A1853198CB9F0007CE843 /* Embed Frameworks */,
			);
			buildRules = (
			);
			dependencies = (
				D12A1828198CB2E0007CE843 /* PBXTargetDependency */,
				D12A182B198CB2E0007CE843 /* PBXTargetDependency */,
				D12A184B198CB9EF007CE843 /* PBXTargetDependency */,
				D12A184F198CB9F0007CE843 /* PBXTargetDependency */,
			);
			name = SimpleTimer;
			productName = SimpleTimer;
			productReference = D127E23C198B34FC00A09E62 /* SimpleTimer.app */;
			productType = "com.apple.product-type.application";
		};
		D127E24D198B34FC00A09E62 /* SimpleTimerTests */ = {
			isa = PBXNativeTarget;
			buildConfigurationList = D127E25B198B34FC00A09E62 /* Build configuration list for PBXNativeTarget "SimpleTimerTests" */;
			buildPhases = (
				D127E24A198B34FC00A09E62 /* Sources */,
				D127E24B198B34FC00A09E62 /* Frameworks */,
				D127E24C198B34FC00A09E62 /* Resources */,
			);
			buildRules = (
			);
			dependencies = (
				D127E250198B34FC00A09E62 /* PBXTargetDependency */,
			);
			name = SimpleTimerTests;
			productName = SimpleTimerTests;
			productReference = D127E24E198B34FC00A09E62 /* SimpleTimerTests.xctest */;
			productType = "com.apple.product-type.bundle.unit-test";
		};
		D12A181B198CB2E0007CE843 /* SimpleTimerTodayExtenstion */ = {
			isa = PBXNativeTarget;
			buildConfigurationList = D12A182E198CB2E0007CE843 /* Build configuration list for PBXNativeTarget "SimpleTimerTodayExtenstion" */;
			buildPhases = (
				D12A1818198CB2E0007CE843 /* Sources */,
				D12A1819198CB2E0007CE843 /* Frameworks */,
				D12A181A198CB2E0007CE843 /* Resources */,
			);
			buildRules = (
			);
			dependencies = (
			);
			name = SimpleTimerTodayExtenstion;
			productName = SimpleTimerTodayExtenstion;
			productReference = D12A181C198CB2E0007CE843 /* SimpleTimerTodayExtenstion.appex */;
			productType = "com.apple.product-type.app-extension";
		};
		D12A1836198CB9EF007CE843 /* SimpleTimerKit */ = {
			isa = PBXNativeTarget;
			buildConfigurationList = D12A1850198CB9F0007CE843 /* Build configuration list for PBXNativeTarget "SimpleTimerKit" */;
			buildPhases = (
				D12A1832198CB9EF007CE843 /* Sources */,
				D12A1833198CB9EF007CE843 /* Frameworks */,
				D12A1834198CB9EF007CE843 /* Headers */,
				D12A1835198CB9EF007CE843 /* Resources */,
			);
			buildRules = (
			);
			dependencies = (
			);
			name = SimpleTimerKit;
			productName = SimpleTimerKit;
			productReference = D12A1837198CB9EF007CE843 /* SimpleTimerKit.framework */;
			productType = "com.apple.product-type.framework";
		};
		D12A1840198CB9EF007CE843 /* SimpleTimerKitTests */ = {
			isa = PBXNativeTarget;
			buildConfigurationList = D12A1854198CB9F0007CE843 /* Build configuration list for PBXNativeTarget "SimpleTimerKitTests" */;
			buildPhases = (
				D12A183D198CB9EF007CE843 /* Sources */,
				D12A183E198CB9EF007CE843 /* Frameworks */,
				D12A183F198CB9EF007CE843 /* Resources */,
			);
			buildRules = (
			);
			dependencies = (
				D12A1844198CB9EF007CE843 /* PBXTargetDependency */,
				D12A1858198CB9F1007CE843 /* PBXTargetDependency */,
				D12A185A198CB9F1007CE843 /* PBXTargetDependency */,
				D12A185C198CB9F1007CE843 /* PBXTargetDependency */,
				D12A185E198CB9F1007CE843 /* PBXTargetDependency */,
			);
			name = SimpleTimerKitTests;
			productName = SimpleTimerKitTests;
			productReference = D12A1841198CB9EF007CE843 /* SimpleTimerKitTests.xctest */;
			productType = "com.apple.product-type.bundle.unit-test";
		};
/* End PBXNativeTarget section */

/* Begin PBXProject section */
		D127E234198B34FC00A09E62 /* Project object */ = {
			isa = PBXProject;
			attributes = {
				LastUpgradeCheck = 0600;
				ORGANIZATIONNAME = "OneV's Den";
				TargetAttributes = {
					D127E23B198B34FC00A09E62 = {
						CreatedOnToolsVersion = 6.0;
						DevelopmentTeam = T499X543T7;
						SystemCapabilities = {
							com.apple.ApplicationGroups.iOS = {
								enabled = 1;
							};
						};
					};
					D127E24D198B34FC00A09E62 = {
						CreatedOnToolsVersion = 6.0;
						TestTargetID = D127E23B198B34FC00A09E62;
					};
					D12A181B198CB2E0007CE843 = {
						CreatedOnToolsVersion = 6.0;
						DevelopmentTeam = T499X543T7;
						SystemCapabilities = {
							com.apple.ApplicationGroups.iOS = {
								enabled = 1;
							};
						};
					};
					D12A1836198CB9EF007CE843 = {
						CreatedOnToolsVersion = 6.0;
						DevelopmentTeam = T499X543T7;
					};
					D12A1840198CB9EF007CE843 = {
						CreatedOnToolsVersion = 6.0;
						TestTargetID = D12A1836198CB9EF007CE843;
					};
				};
			};
			buildConfigurationList = D127E237198B34FC00A09E62 /* Build configuration list for PBXProject "SimpleTimer" */;
			compatibilityVersion = "Xcode 3.2";
			developmentRegion = English;
			hasScannedForEncodings = 0;
			knownRegions = (
				en,
				Base,
			);
			mainGroup = D127E233198B34FC00A09E62;
			productRefGroup = D127E23D198B34FC00A09E62 /* Products */;
			projectDirPath = "";
			projectRoot = "";
			targets = (
				D127E23B198B34FC00A09E62 /* SimpleTimer */,
				D127E24D198B34FC00A09E62 /* SimpleTimerTests */,
				D12A181B198CB2E0007CE843 /* SimpleTimerTodayExtenstion */,
				D12A1836198CB9EF007CE843 /* SimpleTimerKit */,
				D12A1840198CB9EF007CE843 /* SimpleTimerKitTests */,
			);
		};
/* End PBXProject section */

/* Begin PBXResourcesBuildPhase section */
		D127E23A198B34FC00A09E62 /* Resources */ = {
			isa = PBXResourcesBuildPhase;
			buildActionMask = 2147483647;
			files = (
				D127E247198B34FC00A09E62 /* Main.storyboard in Resources */,
				D127E249198B34FC00A09E62 /* Images.xcassets in Resources */,
			);
			runOnlyForDeploymentPostprocessing = 0;
		};
		D127E24C198B34FC00A09E62 /* Resources */ = {
			isa = PBXResourcesBuildPhase;
			buildActionMask = 2147483647;
			files = (
			);
			runOnlyForDeploymentPostprocessing = 0;
		};
		D12A181A198CB2E0007CE843 /* Resources */ = {
			isa = PBXResourcesBuildPhase;
			buildActionMask = 2147483647;
			files = (
				D12A1826198CB2E0007CE843 /* MainInterface.storyboard in Resources */,
			);
			runOnlyForDeploymentPostprocessing = 0;
		};
		D12A1835198CB9EF007CE843 /* Resources */ = {
			isa = PBXResourcesBuildPhase;
			buildActionMask = 2147483647;
			files = (
			);
			runOnlyForDeploymentPostprocessing = 0;
		};
		D12A183F198CB9EF007CE843 /* Resources */ = {
			isa = PBXResourcesBuildPhase;
			buildActionMask = 2147483647;
			files = (
			);
			runOnlyForDeploymentPostprocessing = 0;
		};
/* End PBXResourcesBuildPhase section */

/* Begin PBXSourcesBuildPhase section */
		D127E238198B34FC00A09E62 /* Sources */ = {
			isa = PBXSourcesBuildPhase;
			buildActionMask = 2147483647;
			files = (
				D127E244198B34FC00A09E62 /* ViewController.swift in Sources */,
				D127E242198B34FC00A09E62 /* AppDelegate.swift in Sources */,
			);
			runOnlyForDeploymentPostprocessing = 0;
		};
		D127E24A198B34FC00A09E62 /* Sources */ = {
			isa = PBXSourcesBuildPhase;
			buildActionMask = 2147483647;
			files = (
				D127E255198B34FC00A09E62 /* SimpleTimerTests.swift in Sources */,
			);
			runOnlyForDeploymentPostprocessing = 0;
		};
		D12A1818198CB2E0007CE843 /* Sources */ = {
			isa = PBXSourcesBuildPhase;
			buildActionMask = 2147483647;
			files = (
				D12A1824198CB2E0007CE843 /* TodayViewController.swift in Sources */,
			);
			runOnlyForDeploymentPostprocessing = 0;
		};
		D12A1832198CB9EF007CE843 /* Sources */ = {
			isa = PBXSourcesBuildPhase;
			buildActionMask = 2147483647;
			files = (
				D12A185F198CBA3A007CE843 /* Timer.swift in Sources */,
			);
			runOnlyForDeploymentPostprocessing = 0;
		};
		D12A183D198CB9EF007CE843 /* Sources */ = {
			isa = PBXSourcesBuildPhase;
			buildActionMask = 2147483647;
			files = (
				D12A1849198CB9EF007CE843 /* SimpleTimerKitTests.swift in Sources */,
			);
			runOnlyForDeploymentPostprocessing = 0;
		};
/* End PBXSourcesBuildPhase section */

/* Begin PBXTargetDependency section */
		D127E250198B34FC00A09E62 /* PBXTargetDependency */ = {
			isa = PBXTargetDependency;
			target = D127E23B198B34FC00A09E62 /* SimpleTimer */;
			targetProxy = D127E24F198B34FC00A09E62 /* PBXContainerItemProxy */;
		};
		D12A1828198CB2E0007CE843 /* PBXTargetDependency */ = {
			isa = PBXTargetDependency;
			target = D12A181B198CB2E0007CE843 /* SimpleTimerTodayExtenstion */;
			targetProxy = D12A1827198CB2E0007CE843 /* PBXContainerItemProxy */;
		};
		D12A182B198CB2E0007CE843 /* PBXTargetDependency */ = {
			isa = PBXTargetDependency;
			target = D12A181B198CB2E0007CE843 /* SimpleTimerTodayExtenstion */;
			targetProxy = D12A182A198CB2E0007CE843 /* PBXContainerItemProxy */;
		};
		D12A1844198CB9EF007CE843 /* PBXTargetDependency */ = {
			isa = PBXTargetDependency;
			target = D12A1836198CB9EF007CE843 /* SimpleTimerKit */;
			targetProxy = D12A1843198CB9EF007CE843 /* PBXContainerItemProxy */;
		};
		D12A184B198CB9EF007CE843 /* PBXTargetDependency */ = {
			isa = PBXTargetDependency;
			target = D12A1836198CB9EF007CE843 /* SimpleTimerKit */;
			targetProxy = D12A184A198CB9EF007CE843 /* PBXContainerItemProxy */;
		};
		D12A184F198CB9F0007CE843 /* PBXTargetDependency */ = {
			isa = PBXTargetDependency;
			target = D12A1836198CB9EF007CE843 /* SimpleTimerKit */;
			targetProxy = D12A184E198CB9F0007CE843 /* PBXContainerItemProxy */;
		};
		D12A1858198CB9F1007CE843 /* PBXTargetDependency */ = {
			isa = PBXTargetDependency;
			target = D12A1836198CB9EF007CE843 /* SimpleTimerKit */;
			targetProxy = D12A1857198CB9F1007CE843 /* PBXContainerItemProxy */;
		};
		D12A185A198CB9F1007CE843 /* PBXTargetDependency */ = {
			isa = PBXTargetDependency;
			target = D12A1836198CB9EF007CE843 /* SimpleTimerKit */;
			targetProxy = D12A1859198CB9F1007CE843 /* PBXContainerItemProxy */;
		};
		D12A185C198CB9F1007CE843 /* PBXTargetDependency */ = {
			isa = PBXTargetDependency;
			target = D12A1836198CB9EF007CE843 /* SimpleTimerKit */;
			targetProxy = D12A185B198CB9F1007CE843 /* PBXContainerItemProxy */;
		};
		D12A185E198CB9F1007CE843 /* PBXTargetDependency */ = {
			isa = PBXTargetDependency;
			target = D12A1836198CB9EF007CE843 /* SimpleTimerKit */;
			targetProxy = D12A185D198CB9F1007CE843 /* PBXContainerItemProxy */;
		};
/* End PBXTargetDependency section */

/* Begin PBXVariantGroup section */
		D127E245198B34FC00A09E62 /* Main.storyboard */ = {
			isa = PBXVariantGroup;
			children = (
				D127E246198B34FC00A09E62 /* Base */,
			);
			name = Main.storyboard;
			sourceTree = "<group>";
		};
/* End PBXVariantGroup section */

/* Begin XCBuildConfiguration section */
		D127E256198B34FC00A09E62 /* Debug */ = {
			isa = XCBuildConfiguration;
			buildSettings = {
				ALWAYS_SEARCH_USER_PATHS = NO;
				CLANG_CXX_LANGUAGE_STANDARD = "gnu++0x";
				CLANG_CXX_LIBRARY = "libc++";
				CLANG_ENABLE_MODULES = YES;
				CLANG_ENABLE_OBJC_ARC = YES;
				CLANG_WARN_BOOL_CONVERSION = YES;
				CLANG_WARN_CONSTANT_CONVERSION = YES;
				CLANG_WARN_DIRECT_OBJC_ISA_USAGE = YES_ERROR;
				CLANG_WARN_EMPTY_BODY = YES;
				CLANG_WARN_ENUM_CONVERSION = YES;
				CLANG_WARN_INT_CONVERSION = YES;
				CLANG_WARN_OBJC_ROOT_CLASS = YES_ERROR;
				CLANG_WARN_UNREACHABLE_CODE = YES;
				CLANG_WARN__DUPLICATE_METHOD_MATCH = YES;
				"CODE_SIGN_IDENTITY[sdk=iphoneos*]" = "iPhone Developer";
				COPY_PHASE_STRIP = NO;
				ENABLE_STRICT_OBJC_MSGSEND = YES;
				GCC_C_LANGUAGE_STANDARD = gnu99;
				GCC_DYNAMIC_NO_PIC = NO;
				GCC_OPTIMIZATION_LEVEL = 0;
				GCC_PREPROCESSOR_DEFINITIONS = (
					"DEBUG=1",
					"$(inherited)",
				);
				GCC_SYMBOLS_PRIVATE_EXTERN = NO;
				GCC_WARN_64_TO_32_BIT_CONVERSION = YES;
				GCC_WARN_ABOUT_RETURN_TYPE = YES_ERROR;
				GCC_WARN_UNDECLARED_SELECTOR = YES;
				GCC_WARN_UNINITIALIZED_AUTOS = YES_AGGRESSIVE;
				GCC_WARN_UNUSED_FUNCTION = YES;
				GCC_WARN_UNUSED_VARIABLE = YES;
				IPHONEOS_DEPLOYMENT_TARGET = 8.0;
				MTL_ENABLE_DEBUG_INFO = YES;
				ONLY_ACTIVE_ARCH = YES;
				SDKROOT = iphoneos;
				SWIFT_OPTIMIZATION_LEVEL = "-Onone";
				TARGETED_DEVICE_FAMILY = "1,2";
			};
			name = Debug;
		};
		D127E257198B34FC00A09E62 /* Release */ = {
			isa = XCBuildConfiguration;
			buildSettings = {
				ALWAYS_SEARCH_USER_PATHS = NO;
				CLANG_CXX_LANGUAGE_STANDARD = "gnu++0x";
				CLANG_CXX_LIBRARY = "libc++";
				CLANG_ENABLE_MODULES = YES;
				CLANG_ENABLE_OBJC_ARC = YES;
				CLANG_WARN_BOOL_CONVERSION = YES;
				CLANG_WARN_CONSTANT_CONVERSION = YES;
				CLANG_WARN_DIRECT_OBJC_ISA_USAGE = YES_ERROR;
				CLANG_WARN_EMPTY_BODY = YES;
				CLANG_WARN_ENUM_CONVERSION = YES;
				CLANG_WARN_INT_CONVERSION = YES;
				CLANG_WARN_OBJC_ROOT_CLASS = YES_ERROR;
				CLANG_WARN_UNREACHABLE_CODE = YES;
				CLANG_WARN__DUPLICATE_METHOD_MATCH = YES;
				"CODE_SIGN_IDENTITY[sdk=iphoneos*]" = "iPhone Developer";
				COPY_PHASE_STRIP = YES;
				ENABLE_NS_ASSERTIONS = NO;
				ENABLE_STRICT_OBJC_MSGSEND = YES;
				GCC_C_LANGUAGE_STANDARD = gnu99;
				GCC_WARN_64_TO_32_BIT_CONVERSION = YES;
				GCC_WARN_ABOUT_RETURN_TYPE = YES_ERROR;
				GCC_WARN_UNDECLARED_SELECTOR = YES;
				GCC_WARN_UNINITIALIZED_AUTOS = YES_AGGRESSIVE;
				GCC_WARN_UNUSED_FUNCTION = YES;
				GCC_WARN_UNUSED_VARIABLE = YES;
				IPHONEOS_DEPLOYMENT_TARGET = 8.0;
				MTL_ENABLE_DEBUG_INFO = NO;
				SDKROOT = iphoneos;
				TARGETED_DEVICE_FAMILY = "1,2";
				VALIDATE_PRODUCT = YES;
			};
			name = Release;
		};
		D127E259198B34FC00A09E62 /* Debug */ = {
			isa = XCBuildConfiguration;
			buildSettings = {
				ASSETCATALOG_COMPILER_APPICON_NAME = AppIcon;
				ASSETCATALOG_COMPILER_LAUNCHIMAGE_NAME = LaunchImage;
				CODE_SIGN_ENTITLEMENTS = SimpleTimer/SimpleTimer.entitlements;
				INFOPLIST_FILE = SimpleTimer/Info.plist;
				LD_RUNPATH_SEARCH_PATHS = "$(inherited) @executable_path/Frameworks";
				PRODUCT_NAME = "$(TARGET_NAME)";
			};
			name = Debug;
		};
		D127E25A198B34FC00A09E62 /* Release */ = {
			isa = XCBuildConfiguration;
			buildSettings = {
				ASSETCATALOG_COMPILER_APPICON_NAME = AppIcon;
				ASSETCATALOG_COMPILER_LAUNCHIMAGE_NAME = LaunchImage;
				CODE_SIGN_ENTITLEMENTS = SimpleTimer/SimpleTimer.entitlements;
				INFOPLIST_FILE = SimpleTimer/Info.plist;
				LD_RUNPATH_SEARCH_PATHS = "$(inherited) @executable_path/Frameworks";
				PRODUCT_NAME = "$(TARGET_NAME)";
			};
			name = Release;
		};
		D127E25C198B34FC00A09E62 /* Debug */ = {
			isa = XCBuildConfiguration;
			buildSettings = {
				BUNDLE_LOADER = "$(BUILT_PRODUCTS_DIR)/SimpleTimer.app/SimpleTimer";
				FRAMEWORK_SEARCH_PATHS = (
					"$(SDKROOT)/Developer/Library/Frameworks",
					"$(inherited)",
				);
				GCC_PREPROCESSOR_DEFINITIONS = (
					"DEBUG=1",
					"$(inherited)",
				);
				INFOPLIST_FILE = SimpleTimerTests/Info.plist;
				LD_RUNPATH_SEARCH_PATHS = "$(inherited) @executable_path/Frameworks @loader_path/Frameworks";
				PRODUCT_NAME = "$(TARGET_NAME)";
				TEST_HOST = "$(BUNDLE_LOADER)";
			};
			name = Debug;
		};
		D127E25D198B34FC00A09E62 /* Release */ = {
			isa = XCBuildConfiguration;
			buildSettings = {
				BUNDLE_LOADER = "$(BUILT_PRODUCTS_DIR)/SimpleTimer.app/SimpleTimer";
				FRAMEWORK_SEARCH_PATHS = (
					"$(SDKROOT)/Developer/Library/Frameworks",
					"$(inherited)",
				);
				INFOPLIST_FILE = SimpleTimerTests/Info.plist;
				LD_RUNPATH_SEARCH_PATHS = "$(inherited) @executable_path/Frameworks @loader_path/Frameworks";
				PRODUCT_NAME = "$(TARGET_NAME)";
				TEST_HOST = "$(BUNDLE_LOADER)";
			};
			name = Release;
		};
		D12A182C198CB2E0007CE843 /* Debug */ = {
			isa = XCBuildConfiguration;
			buildSettings = {
				CODE_SIGN_ENTITLEMENTS = SimpleTimerTodayExtenstion/SimpleTimerTodayExtenstion.entitlements;
				CODE_SIGN_IDENTITY = "iPhone Developer";
				"CODE_SIGN_IDENTITY[sdk=iphoneos*]" = "iPhone Developer";
				GCC_PREPROCESSOR_DEFINITIONS = (
					"DEBUG=1",
					"$(inherited)",
				);
				INFOPLIST_FILE = SimpleTimerTodayExtenstion/Info.plist;
				LD_RUNPATH_SEARCH_PATHS = "$(inherited) @executable_path/Frameworks @executable_path/../../Frameworks";
				PRODUCT_NAME = "$(TARGET_NAME)";
				PROVISIONING_PROFILE = "";
				SKIP_INSTALL = YES;
			};
			name = Debug;
		};
		D12A182D198CB2E0007CE843 /* Release */ = {
			isa = XCBuildConfiguration;
			buildSettings = {
				CODE_SIGN_ENTITLEMENTS = SimpleTimerTodayExtenstion/SimpleTimerTodayExtenstion.entitlements;
				CODE_SIGN_IDENTITY = "iPhone Developer";
				"CODE_SIGN_IDENTITY[sdk=iphoneos*]" = "iPhone Developer";
				INFOPLIST_FILE = SimpleTimerTodayExtenstion/Info.plist;
				LD_RUNPATH_SEARCH_PATHS = "$(inherited) @executable_path/Frameworks @executable_path/../../Frameworks";
				PRODUCT_NAME = "$(TARGET_NAME)";
				PROVISIONING_PROFILE = "";
				SKIP_INSTALL = YES;
			};
			name = Release;
		};
		D12A1851198CB9F0007CE843 /* Debug */ = {
			isa = XCBuildConfiguration;
			buildSettings = {
				APPLICATION_EXTENSION_API_ONLY = YES;
				CURRENT_PROJECT_VERSION = 1;
				DEFINES_MODULE = YES;
				DYLIB_COMPATIBILITY_VERSION = 1;
				DYLIB_CURRENT_VERSION = 1;
				DYLIB_INSTALL_NAME_BASE = "@rpath";
				GCC_PREPROCESSOR_DEFINITIONS = (
					"DEBUG=1",
					"$(inherited)",
				);
				INFOPLIST_FILE = SimpleTimerKit/Info.plist;
				INSTALL_PATH = "$(LOCAL_LIBRARY_DIR)/Frameworks";
				LD_RUNPATH_SEARCH_PATHS = "$(inherited) @executable_path/Frameworks @loader_path/Frameworks";
				PRODUCT_NAME = "$(TARGET_NAME)";
				SKIP_INSTALL = YES;
				VERSIONING_SYSTEM = "apple-generic";
				VERSION_INFO_PREFIX = "";
			};
			name = Debug;
		};
		D12A1852198CB9F0007CE843 /* Release */ = {
			isa = XCBuildConfiguration;
			buildSettings = {
				APPLICATION_EXTENSION_API_ONLY = YES;
				CURRENT_PROJECT_VERSION = 1;
				DEFINES_MODULE = YES;
				DYLIB_COMPATIBILITY_VERSION = 1;
				DYLIB_CURRENT_VERSION = 1;
				DYLIB_INSTALL_NAME_BASE = "@rpath";
				INFOPLIST_FILE = SimpleTimerKit/Info.plist;
				INSTALL_PATH = "$(LOCAL_LIBRARY_DIR)/Frameworks";
				LD_RUNPATH_SEARCH_PATHS = "$(inherited) @executable_path/Frameworks @loader_path/Frameworks";
				PRODUCT_NAME = "$(TARGET_NAME)";
				SKIP_INSTALL = YES;
				VERSIONING_SYSTEM = "apple-generic";
				VERSION_INFO_PREFIX = "";
			};
			name = Release;
		};
		D12A1855198CB9F0007CE843 /* Debug */ = {
			isa = XCBuildConfiguration;
			buildSettings = {
				FRAMEWORK_SEARCH_PATHS = (
					"$(SDKROOT)/Developer/Library/Frameworks",
					"$(inherited)",
				);
				GCC_PREPROCESSOR_DEFINITIONS = (
					"DEBUG=1",
					"$(inherited)",
				);
				INFOPLIST_FILE = SimpleTimerKitTests/Info.plist;
				LD_RUNPATH_SEARCH_PATHS = "$(inherited) @executable_path/Frameworks @loader_path/Frameworks";
				PRODUCT_NAME = "$(TARGET_NAME)";
			};
			name = Debug;
		};
		D12A1856198CB9F0007CE843 /* Release */ = {
			isa = XCBuildConfiguration;
			buildSettings = {
				FRAMEWORK_SEARCH_PATHS = (
					"$(SDKROOT)/Developer/Library/Frameworks",
					"$(inherited)",
				);
				INFOPLIST_FILE = SimpleTimerKitTests/Info.plist;
				LD_RUNPATH_SEARCH_PATHS = "$(inherited) @executable_path/Frameworks @loader_path/Frameworks";
				PRODUCT_NAME = "$(TARGET_NAME)";
			};
			name = Release;
		};
/* End XCBuildConfiguration section */

/* Begin XCConfigurationList section */
		D127E237198B34FC00A09E62 /* Build configuration list for PBXProject "SimpleTimer" */ = {
			isa = XCConfigurationList;
			buildConfigurations = (
				D127E256198B34FC00A09E62 /* Debug */,
				D127E257198B34FC00A09E62 /* Release */,
			);
			defaultConfigurationIsVisible = 0;
			defaultConfigurationName = Release;
		};
		D127E258198B34FC00A09E62 /* Build configuration list for PBXNativeTarget "SimpleTimer" */ = {
			isa = XCConfigurationList;
			buildConfigurations = (
				D127E259198B34FC00A09E62 /* Debug */,
				D127E25A198B34FC00A09E62 /* Release */,
			);
			defaultConfigurationIsVisible = 0;
			defaultConfigurationName = Release;
		};
		D127E25B198B34FC00A09E62 /* Build configuration list for PBXNativeTarget "SimpleTimerTests" */ = {
			isa = XCConfigurationList;
			buildConfigurations = (
				D127E25C198B34FC00A09E62 /* Debug */,
				D127E25D198B34FC00A09E62 /* Release */,
			);
			defaultConfigurationIsVisible = 0;
			defaultConfigurationName = Release;
		};
		D12A182E198CB2E0007CE843 /* Build configuration list for PBXNativeTarget "SimpleTimerTodayExtenstion" */ = {
			isa = XCConfigurationList;
			buildConfigurations = (
				D12A182C198CB2E0007CE843 /* Debug */,
				D12A182D198CB2E0007CE843 /* Release */,
			);
			defaultConfigurationIsVisible = 0;
		};
		D12A1850198CB9F0007CE843 /* Build configuration list for PBXNativeTarget "SimpleTimerKit" */ = {
			isa = XCConfigurationList;
			buildConfigurations = (
				D12A1851198CB9F0007CE843 /* Debug */,
				D12A1852198CB9F0007CE843 /* Release */,
			);
			defaultConfigurationIsVisible = 0;
		};
		D12A1854198CB9F0007CE843 /* Build configuration list for PBXNativeTarget "SimpleTimerKitTests" */ = {
			isa = XCConfigurationList;
			buildConfigurations = (
				D12A1855198CB9F0007CE843 /* Debug */,
				D12A1856198CB9F0007CE843 /* Release */,
			);
			defaultConfigurationIsVisible = 0;
		};
/* End XCConfigurationList section */
	};
	rootObject = D127E234198B34FC00A09E62 /* Project object */;
}
